
Microsoft Visual Studio Solution File, Format Version 12.00
# Visual Studio Version 17
VisualStudioVersion = 17.0.31903.59
MinimumVisualStudioVersion = 10.0.40219.1
Project("{FAE04EC0-301F-11D3-BF4B-00C04F79EFBC}") = "RESTAPI", "RESTAPI\RESTAPI.csproj", "{3AF10450-71FA-4640-9FDB-0BCFD1B67B26}"
EndProject
Project("{FAE04EC0-301F-11D3-BF4B-00C04F79EFBC}") = "RepositoryContracts", "RepositoryContracts\RepositoryContracts.csproj", "{D10C39CD-8C64-4488-BDA2-63B29CF66226}"
EndProject
Project("{FAE04EC0-301F-11D3-BF4B-00C04F79EFBC}") = "InMemoryRepo", "InMemoryRepo\InMemoryRepo.csproj", "{DF025F97-B0D7-4EEF-AFC4-95D92C978FE3}"
EndProject
Project("{FAE04EC0-301F-11D3-BF4B-00C04F79EFBC}") = "Entities", "Entities\Entities.csproj", "{C83D3D17-0917-4944-BEDA-5CC9FB641C16}"
EndProject
Global
	GlobalSection(SolutionConfigurationPlatforms) = preSolution
		Debug|Any CPU = Debug|Any CPU
		Release|Any CPU = Release|Any CPU
	EndGlobalSection
	GlobalSection(ProjectConfigurationPlatforms) = postSolution
		{3AF10450-71FA-4640-9FDB-0BCFD1B67B26}.Debug|Any CPU.ActiveCfg = Debug|Any CPU
		{3AF10450-71FA-4640-9FDB-0BCFD1B67B26}.Debug|Any CPU.Build.0 = Debug|Any CPU
		{3AF10450-71FA-4640-9FDB-0BCFD1B67B26}.Release|Any CPU.ActiveCfg = Release|Any CPU
		{3AF10450-71FA-4640-9FDB-0BCFD1B67B26}.Release|Any CPU.Build.0 = Release|Any CPU
		{D10C39CD-8C64-4488-BDA2-63B29CF66226}.Debug|Any CPU.ActiveCfg = Debug|Any CPU
		{D10C39CD-8C64-4488-BDA2-63B29CF66226}.Debug|Any CPU.Build.0 = Debug|Any CPU
		{D10C39CD-8C64-4488-BDA2-63B29CF66226}.Release|Any CPU.ActiveCfg = Release|Any CPU
		{D10C39CD-8C64-4488-BDA2-63B29CF66226}.Release|Any CPU.Build.0 = Release|Any CPU
		{DF025F97-B0D7-4EEF-AFC4-95D92C978FE3}.Debug|Any CPU.ActiveCfg = Debug|Any CPU
		{DF025F97-B0D7-4EEF-AFC4-95D92C978FE3}.Debug|Any CPU.Build.0 = Debug|Any CPU
		{DF025F97-B0D7-4EEF-AFC4-95D92C978FE3}.Release|Any CPU.ActiveCfg = Release|Any CPU
		{DF025F97-B0D7-4EEF-AFC4-95D92C978FE3}.Release|Any CPU.Build.0 = Release|Any CPU
		{C83D3D17-0917-4944-BEDA-5CC9FB641C16}.Debug|Any CPU.ActiveCfg = Debug|Any CPU
		{C83D3D17-0917-4944-BEDA-5CC9FB641C16}.Debug|Any CPU.Build.0 = Debug|Any CPU
		{C83D3D17-0917-4944-BEDA-5CC9FB641C16}.Release|Any CPU.ActiveCfg = Release|Any CPU
		{C83D3D17-0917-4944-BEDA-5CC9FB641C16}.Release|Any CPU.Build.0 = Release|Any CPU
	EndGlobalSection
	GlobalSection(SolutionProperties) = preSolution
		HideSolutionNode = FALSE
	EndGlobalSection
EndGlobal
